
Microsoft Visual Studio Solution File, Format Version 10.00
# Visual Studio 2008
Project("{8BC9CEB8-8B4A-11D0-8D11-00A0C91BC942}") = "duidemo", "duidemo.vcproj", "{B01782A7-B59E-4568-91E3-86F08CA89108}"
EndProject
Global
	GlobalSection(SolutionConfigurationPlatforms) = preSolution
		Debug|Win32 = Debug|Win32
		Release|Win32 = Release|Win32
	EndGlobalSection
	GlobalSection(ProjectConfigurationPlatforms) = postSolution
		{B01782A7-B59E-4568-91E3-86F08CA89108}.Debug|Win32.ActiveCfg = Debug|Win32
		{B01782A7-B59E-4568-91E3-86F08CA89108}.Debug|Win32.Build.0 = Debug|Win32
		{B01782A7-B59E-4568-91E3-86F08CA89108}.Release|Win32.ActiveCfg = Release|Win32
		{B01782A7-B59E-4568-91E3-86F08CA89108}.Release|Win32.Build.0 = Release|Win32
	EndGlobalSection
	GlobalSection(SolutionProperties) = preSolution
		HideSolutionNode = FALSE
	EndGlobalSection
EndGlobal
